
Microsoft Visual Studio Solution File, Format Version 12.00
Project("{FAE04EC0-301F-11D3-BF4B-00C04F79EFBC}") = "HelloWpf", "HelloWpf\HelloWpf.csproj", "{EF86D890-C36E-4CD9-9CBF-9858E7ECE899}"
EndProject
Project("{FAE04EC0-301F-11D3-BF4B-00C04F79EFBC}") = "HelloXaml", "HelloXaml\HelloXaml.csproj", "{BE52F4BB-4BC5-46DA-BA30-FCCF59EBA2A6}"
EndProject
Project("{FAE04EC0-301F-11D3-BF4B-00C04F79EFBC}") = "Xaml.EventsSample", "Xaml.EventsSample\Xaml.EventsSample.csproj", "{9ECBE58B-7C0F-48FB-A1C7-249C5E43689C}"
EndProject
Project("{2150E333-8FDC-42A3-9474-1A3956D46DE8}") = "Resources", "Resources", "{2C05ABC8-D80B-451D-A5AC-824E37C1ED72}"
EndProject
Project("{FAE04EC0-301F-11D3-BF4B-00C04F79EFBC}") = "ResourceSample", "ResourceSample\ResourceSample.csproj", "{0C1F6212-FA73-4FF7-B1FA-D9C17695BEFB}"
EndProject
Project("{FAE04EC0-301F-11D3-BF4B-00C04F79EFBC}") = "ExtendedResourceSample", "ExtendedResourceSample\ExtendedResourceSample.csproj", "{163678C6-D46F-4D88-84DF-D370016B2AD4}"
EndProject
Project("{FAE04EC0-301F-11D3-BF4B-00C04F79EFBC}") = "LocalResource", "LocalResource\LocalResource.csproj", "{E6A5EE98-9D6A-4E99-923A-4596705ECF30}"
EndProject
Project("{FAE04EC0-301F-11D3-BF4B-00C04F79EFBC}") = "ApplicationResource", "ApplicationResource\ApplicationResource.csproj", "{276CEA1C-467F-4D16-97B2-535A69D07B0A}"
EndProject
Project("{FAE04EC0-301F-11D3-BF4B-00C04F79EFBC}") = "ResourcesInCodeBehind", "ResourcesInCodeBehind\ResourcesInCodeBehind.csproj", "{5AE11195-51A1-4E42-AB2A-0648718B40FB}"
EndProject
Project("{2150E333-8FDC-42A3-9474-1A3956D46DE8}") = "BasicControls", "BasicControls", "{5B5291BE-6547-4AB3-817D-CC1A9CCB9E4F}"
EndProject
Project("{FAE04EC0-301F-11D3-BF4B-00C04F79EFBC}") = "TextBlockSample", "TextBlockSample\TextBlockSample.csproj", "{25266F88-DBEA-44BE-89BD-79269406AF92}"
EndProject
Project("{FAE04EC0-301F-11D3-BF4B-00C04F79EFBC}") = "TextBlockInlineSample", "TextBlockInlineSample\TextBlockInlineSample.csproj", "{528ED568-7336-4BAA-80E0-1959D048EA09}"
EndProject
Project("{FAE04EC0-301F-11D3-BF4B-00C04F79EFBC}") = "TextBlockHyperlinkSample", "TextBlockHyperlinkSample\TextBlockHyperlinkSample.csproj", "{663D98F8-878E-4F37-9EDB-D3590B6D5CD9}"
EndProject
Global
	GlobalSection(SolutionConfigurationPlatforms) = preSolution
		Debug|Any CPU = Debug|Any CPU
		Release|Any CPU = Release|Any CPU
	EndGlobalSection
	GlobalSection(ProjectConfigurationPlatforms) = postSolution
		{EF86D890-C36E-4CD9-9CBF-9858E7ECE899}.Debug|Any CPU.ActiveCfg = Debug|Any CPU
		{EF86D890-C36E-4CD9-9CBF-9858E7ECE899}.Debug|Any CPU.Build.0 = Debug|Any CPU
		{EF86D890-C36E-4CD9-9CBF-9858E7ECE899}.Release|Any CPU.ActiveCfg = Release|Any CPU
		{EF86D890-C36E-4CD9-9CBF-9858E7ECE899}.Release|Any CPU.Build.0 = Release|Any CPU
		{BE52F4BB-4BC5-46DA-BA30-FCCF59EBA2A6}.Debug|Any CPU.ActiveCfg = Debug|Any CPU
		{BE52F4BB-4BC5-46DA-BA30-FCCF59EBA2A6}.Debug|Any CPU.Build.0 = Debug|Any CPU
		{BE52F4BB-4BC5-46DA-BA30-FCCF59EBA2A6}.Release|Any CPU.ActiveCfg = Release|Any CPU
		{BE52F4BB-4BC5-46DA-BA30-FCCF59EBA2A6}.Release|Any CPU.Build.0 = Release|Any CPU
		{9ECBE58B-7C0F-48FB-A1C7-249C5E43689C}.Debug|Any CPU.ActiveCfg = Debug|Any CPU
		{9ECBE58B-7C0F-48FB-A1C7-249C5E43689C}.Debug|Any CPU.Build.0 = Debug|Any CPU
		{9ECBE58B-7C0F-48FB-A1C7-249C5E43689C}.Release|Any CPU.ActiveCfg = Release|Any CPU
		{9ECBE58B-7C0F-48FB-A1C7-249C5E43689C}.Release|Any CPU.Build.0 = Release|Any CPU
		{0C1F6212-FA73-4FF7-B1FA-D9C17695BEFB}.Debug|Any CPU.ActiveCfg = Debug|Any CPU
		{0C1F6212-FA73-4FF7-B1FA-D9C17695BEFB}.Debug|Any CPU.Build.0 = Debug|Any CPU
		{0C1F6212-FA73-4FF7-B1FA-D9C17695BEFB}.Release|Any CPU.ActiveCfg = Release|Any CPU
		{0C1F6212-FA73-4FF7-B1FA-D9C17695BEFB}.Release|Any CPU.Build.0 = Release|Any CPU
		{163678C6-D46F-4D88-84DF-D370016B2AD4}.Debug|Any CPU.ActiveCfg = Debug|Any CPU
		{163678C6-D46F-4D88-84DF-D370016B2AD4}.Debug|Any CPU.Build.0 = Debug|Any CPU
		{163678C6-D46F-4D88-84DF-D370016B2AD4}.Release|Any CPU.ActiveCfg = Release|Any CPU
		{163678C6-D46F-4D88-84DF-D370016B2AD4}.Release|Any CPU.Build.0 = Release|Any CPU
		{E6A5EE98-9D6A-4E99-923A-4596705ECF30}.Debug|Any CPU.ActiveCfg = Debug|Any CPU
		{E6A5EE98-9D6A-4E99-923A-4596705ECF30}.Debug|Any CPU.Build.0 = Debug|Any CPU
		{E6A5EE98-9D6A-4E99-923A-4596705ECF30}.Release|Any CPU.ActiveCfg = Release|Any CPU
		{E6A5EE98-9D6A-4E99-923A-4596705ECF30}.Release|Any CPU.Build.0 = Release|Any CPU
		{276CEA1C-467F-4D16-97B2-535A69D07B0A}.Debug|Any CPU.ActiveCfg = Debug|Any CPU
		{276CEA1C-467F-4D16-97B2-535A69D07B0A}.Debug|Any CPU.Build.0 = Debug|Any CPU
		{276CEA1C-467F-4D16-97B2-535A69D07B0A}.Release|Any CPU.ActiveCfg = Release|Any CPU
		{276CEA1C-467F-4D16-97B2-535A69D07B0A}.Release|Any CPU.Build.0 = Release|Any CPU
		{5AE11195-51A1-4E42-AB2A-0648718B40FB}.Debug|Any CPU.ActiveCfg = Debug|Any CPU
		{5AE11195-51A1-4E42-AB2A-0648718B40FB}.Debug|Any CPU.Build.0 = Debug|Any CPU
		{5AE11195-51A1-4E42-AB2A-0648718B40FB}.Release|Any CPU.ActiveCfg = Release|Any CPU
		{5AE11195-51A1-4E42-AB2A-0648718B40FB}.Release|Any CPU.Build.0 = Release|Any CPU
		{25266F88-DBEA-44BE-89BD-79269406AF92}.Debug|Any CPU.ActiveCfg = Debug|Any CPU
		{25266F88-DBEA-44BE-89BD-79269406AF92}.Debug|Any CPU.Build.0 = Debug|Any CPU
		{25266F88-DBEA-44BE-89BD-79269406AF92}.Release|Any CPU.ActiveCfg = Release|Any CPU
		{25266F88-DBEA-44BE-89BD-79269406AF92}.Release|Any CPU.Build.0 = Release|Any CPU
		{528ED568-7336-4BAA-80E0-1959D048EA09}.Debug|Any CPU.ActiveCfg = Debug|Any CPU
		{528ED568-7336-4BAA-80E0-1959D048EA09}.Debug|Any CPU.Build.0 = Debug|Any CPU
		{528ED568-7336-4BAA-80E0-1959D048EA09}.Release|Any CPU.ActiveCfg = Release|Any CPU
		{528ED568-7336-4BAA-80E0-1959D048EA09}.Release|Any CPU.Build.0 = Release|Any CPU
		{663D98F8-878E-4F37-9EDB-D3590B6D5CD9}.Debug|Any CPU.ActiveCfg = Debug|Any CPU
		{663D98F8-878E-4F37-9EDB-D3590B6D5CD9}.Debug|Any CPU.Build.0 = Debug|Any CPU
		{663D98F8-878E-4F37-9EDB-D3590B6D5CD9}.Release|Any CPU.ActiveCfg = Release|Any CPU
		{663D98F8-878E-4F37-9EDB-D3590B6D5CD9}.Release|Any CPU.Build.0 = Release|Any CPU
	EndGlobalSection
	GlobalSection(NestedProjects) = preSolution
		{0C1F6212-FA73-4FF7-B1FA-D9C17695BEFB} = {2C05ABC8-D80B-451D-A5AC-824E37C1ED72}
		{163678C6-D46F-4D88-84DF-D370016B2AD4} = {2C05ABC8-D80B-451D-A5AC-824E37C1ED72}
		{E6A5EE98-9D6A-4E99-923A-4596705ECF30} = {2C05ABC8-D80B-451D-A5AC-824E37C1ED72}
		{276CEA1C-467F-4D16-97B2-535A69D07B0A} = {2C05ABC8-D80B-451D-A5AC-824E37C1ED72}
		{5AE11195-51A1-4E42-AB2A-0648718B40FB} = {2C05ABC8-D80B-451D-A5AC-824E37C1ED72}
		{25266F88-DBEA-44BE-89BD-79269406AF92} = {5B5291BE-6547-4AB3-817D-CC1A9CCB9E4F}
		{528ED568-7336-4BAA-80E0-1959D048EA09} = {5B5291BE-6547-4AB3-817D-CC1A9CCB9E4F}
		{663D98F8-878E-4F37-9EDB-D3590B6D5CD9} = {5B5291BE-6547-4AB3-817D-CC1A9CCB9E4F}
	EndGlobalSection
EndGlobal
