
Microsoft Visual Studio Solution File, Format Version 12.00
Project("{FAE04EC0-301F-11D3-BF4B-00C04F79EFBC}") = "WpfTutorial", "WpfTutorial\WpfTutorial.csproj", "{93B12BD4-959A-43CE-9A21-3C0A0BED416C}"
EndProject
Global
	GlobalSection(SolutionConfigurationPlatforms) = preSolution
		Debug|Any CPU = Debug|Any CPU
		Release|Any CPU = Release|Any CPU
	EndGlobalSection
	GlobalSection(ProjectConfigurationPlatforms) = postSolution
		{93B12BD4-959A-43CE-9A21-3C0A0BED416C}.Debug|Any CPU.ActiveCfg = Debug|Any CPU
		{93B12BD4-959A-43CE-9A21-3C0A0BED416C}.Debug|Any CPU.Build.0 = Debug|Any CPU
		{93B12BD4-959A-43CE-9A21-3C0A0BED416C}.Release|Any CPU.ActiveCfg = Release|Any CPU
		{93B12BD4-959A-43CE-9A21-3C0A0BED416C}.Release|Any CPU.Build.0 = Release|Any CPU
	EndGlobalSection
EndGlobal
